
Microsoft Visual Studio Solution File, Format Version 12.00
# Visual Studio Version 17
VisualStudioVersion = 17.6.33723.286
MinimumVisualStudioVersion = 10.0.40219.1
Project("{9A19103F-16F7-4668-BE54-9A1E7A4F7556}") = "ConsoleAppDotnetCore", "ConsoleAppDotnetCore\ConsoleAppDotnetCore.csproj", "{2679EA16-037E-44E5-8941-37D558A94A4C}"
EndProject
Project("{FAE04EC0-301F-11D3-BF4B-00C04F79EFBC}") = "ConsoleAppDotnetFramework", "ConsoleAppDotnetFramework\ConsoleAppDotnetFramework.csproj", "{29AFDD9E-B0D3-46BA-BB1A-00107C21C5E2}"
EndProject
Global
	GlobalSection(SolutionConfigurationPlatforms) = preSolution
		Debug|Any CPU = Debug|Any CPU
		Release|Any CPU = Release|Any CPU
	EndGlobalSection
	GlobalSection(ProjectConfigurationPlatforms) = postSolution
		{2679EA16-037E-44E5-8941-37D558A94A4C}.Debug|Any CPU.ActiveCfg = Debug|Any CPU
		{2679EA16-037E-44E5-8941-37D558A94A4C}.Debug|Any CPU.Build.0 = Debug|Any CPU
		{2679EA16-037E-44E5-8941-37D558A94A4C}.Release|Any CPU.ActiveCfg = Release|Any CPU
		{2679EA16-037E-44E5-8941-37D558A94A4C}.Release|Any CPU.Build.0 = Release|Any CPU
		{29AFDD9E-B0D3-46BA-BB1A-00107C21C5E2}.Debug|Any CPU.ActiveCfg = Debug|Any CPU
		{29AFDD9E-B0D3-46BA-BB1A-00107C21C5E2}.Debug|Any CPU.Build.0 = Debug|Any CPU
		{29AFDD9E-B0D3-46BA-BB1A-00107C21C5E2}.Release|Any CPU.ActiveCfg = Release|Any CPU
		{29AFDD9E-B0D3-46BA-BB1A-00107C21C5E2}.Release|Any CPU.Build.0 = Release|Any CPU
	EndGlobalSection
	GlobalSection(SolutionProperties) = preSolution
		HideSolutionNode = FALSE
	EndGlobalSection
	GlobalSection(ExtensibilityGlobals) = postSolution
		SolutionGuid = {C8F16582-AE02-4508-9885-CC3F24CA8412}
	EndGlobalSection
EndGlobal
